{
    "_readme": [
        "This file locks the dependencies of your project to a known state",
        "Read more about it at https://getcomposer.org/doc/01-basic-usage.md#installing-dependencies",
        "This file is @generated automatically"
    ],
    "content-hash": "ce8d7691e8da068a95c8f49edbd4345c",
    "packages": [
        {
            "name": "ezyang/htmlpurifier",
            "version": "v4.16.0",
            "source": {
                "type": "git",
                "url": "https://github.com/ezyang/htmlpurifier.git",
                "reference": "523407fb06eb9e5f3d59889b3978d5bfe94299c8"
            },
            "dist": {
                "type": "zip",
                "url": "https://api.github.com/repos/ezyang/htmlpurifier/zipball/523407fb06eb9e5f3d59889b3978d5bfe94299c8",
                "reference": "523407fb06eb9e5f3d59889b3978d5bfe94299c8",
                "shasum": ""
            },
            "require": {
                "php": "~5.6.0 || ~7.0.0 || ~7.1.0 || ~7.2.0 || ~7.3.0 || ~7.4.0 || ~8.0.0 || ~8.1.0 || ~8.2.0"
            },
            "require-dev": {
                "cerdic/css-tidy": "^1.7 || ^2.0",
                "simpletest/simpletest": "dev-master"
            },
            "suggest": {
                "cerdic/css-tidy": "If you want to use the filter 'Filter.ExtractStyleBlocks'.",
                "ext-bcmath": "Used for unit conversion and imagecrash protection",
                "ext-iconv": "Converts text to and from non-UTF-8 encodings",
                "ext-tidy": "Used for pretty-printing HTML"
            },
            "type": "library",
            "autoload": {
                "files": [
                    "library/HTMLPurifier.composer.php"
                ],
                "psr-0": {
                    "HTMLPurifier": "library/"
                },
                "exclude-from-classmap": [
                    "/library/HTMLPurifier/Language/"
                ]
            },
            "notification-url": "https://packagist.org/downloads/",
            "license": [
                "LGPL-2.1-or-later"
            ],
            "authors": [
                {
                    "name": "Edward Z. Yang",
                    "email": "admin@htmlpurifier.org",
                    "homepage": "http://ezyang.com"
                }
            ],
            "description": "Standards compliant HTML filter written in PHP",
            "homepage": "http://htmlpurifier.org/",
            "keywords": [
                "html"
            ],
            "support": {
                "issues": "https://github.com/ezyang/htmlpurifier/issues",
                "source": "https://github.com/ezyang/htmlpurifier/tree/v4.16.0"
            },
            "time": "2022-09-18T07:06:19+00:00"
        },
        {
            "name": "maennchen/zipstream-php",
            "version": "3.1.0",
            "source": {
                "type": "git",
                "url": "https://github.com/maennchen/ZipStream-PHP.git",
                "reference": "b8174494eda667f7d13876b4a7bfef0f62a7c0d1"
            },
            "dist": {
                "type": "zip",
                "url": "https://api.github.com/repos/maennchen/ZipStream-PHP/zipball/b8174494eda667f7d13876b4a7bfef0f62a7c0d1",
                "reference": "b8174494eda667f7d13876b4a7bfef0f62a7c0d1",
                "shasum": ""
            },
            "require": {
                "ext-mbstring": "*",
                "ext-zlib": "*",
                "php-64bit": "^8.1"
            },
            "require-dev": {
                "ext-zip": "*",
                "friendsofphp/php-cs-fixer": "^3.16",
                "guzzlehttp/guzzle": "^7.5",
                "mikey179/vfsstream": "^1.6",
                "php-coveralls/php-coveralls": "^2.5",
                "phpunit/phpunit": "^10.0",
                "vimeo/psalm": "^5.0"
            },
            "suggest": {
                "guzzlehttp/psr7": "^2.4",
                "psr/http-message": "^2.0"
            },
            "type": "library",
            "autoload": {
                "psr-4": {
                    "ZipStream\\": "src/"
                }
            },
            "notification-url": "https://packagist.org/downloads/",
            "license": [
                "MIT"
            ],
            "authors": [
                {
                    "name": "Paul Duncan",
                    "email": "pabs@pablotron.org"
                },
                {
                    "name": "Jonatan Männchen",
                    "email": "jonatan@maennchen.ch"
                },
                {
                    "name": "Jesse Donat",
                    "email": "donatj@gmail.com"
                },
                {
                    "name": "András Kolesár",
                    "email": "kolesar@kolesar.hu"
                }
            ],
            "description": "ZipStream is a library for dynamically streaming dynamic zip files from PHP without writing to the disk at all on the server.",
            "keywords": [
                "stream",
                "zip"
            ],
            "support": {
                "issues": "https://github.com/maennchen/ZipStream-PHP/issues",
                "source": "https://github.com/maennchen/ZipStream-PHP/tree/3.1.0"
            },
            "funding": [
                {
                    "url": "https://github.com/maennchen",
                    "type": "github"
                },
                {
                    "url": "https://opencollective.com/zipstream",
                    "type": "open_collective"
                }
            ],
            "time": "2023-06-21T14:59:35+00:00"
        },
        {
            "name": "markbaker/complex",
            "version": "3.0.x-dev",
            "source": {
                "type": "git",
                "url": "https://github.com/MarkBaker/PHPComplex.git",
                "reference": "95c56caa1cf5c766ad6d65b6344b807c1e8405b9"
            },
            "dist": {
                "type": "zip",
                "url": "https://api.github.com/repos/MarkBaker/PHPComplex/zipball/95c56caa1cf5c766ad6d65b6344b807c1e8405b9",
                "reference": "95c56caa1cf5c766ad6d65b6344b807c1e8405b9",
                "shasum": ""
            },
            "require": {
                "php": "^7.2 || ^8.0"
            },
            "require-dev": {
                "dealerdirect/phpcodesniffer-composer-installer": "dev-master",
                "phpcompatibility/php-compatibility": "^9.3",
                "phpunit/phpunit": "^7.0 || ^8.0 || ^9.0",
                "squizlabs/php_codesniffer": "^3.7"
            },
            "default-branch": true,
            "type": "library",
            "autoload": {
                "psr-4": {
                    "Complex\\": "classes/src/"
                }
            },
            "notification-url": "https://packagist.org/downloads/",
            "license": [
                "MIT"
            ],
            "authors": [
                {
                    "name": "Mark Baker",
                    "email": "mark@lange.demon.co.uk"
                }
            ],
            "description": "PHP Class for working with complex numbers",
            "homepage": "https://github.com/MarkBaker/PHPComplex",
            "keywords": [
                "complex",
                "mathematics"
            ],
            "support": {
                "issues": "https://github.com/MarkBaker/PHPComplex/issues",
                "source": "https://github.com/MarkBaker/PHPComplex/tree/3.0.2"
            },
            "time": "2022-12-06T16:21:08+00:00"
        },
        {
            "name": "markbaker/matrix",
            "version": "3.0.x-dev",
            "source": {
                "type": "git",
                "url": "https://github.com/MarkBaker/PHPMatrix.git",
                "reference": "728434227fe21be27ff6d86621a1b13107a2562c"
            },
            "dist": {
                "type": "zip",
                "url": "https://api.github.com/repos/MarkBaker/PHPMatrix/zipball/728434227fe21be27ff6d86621a1b13107a2562c",
                "reference": "728434227fe21be27ff6d86621a1b13107a2562c",
                "shasum": ""
            },
            "require": {
                "php": "^7.1 || ^8.0"
            },
            "require-dev": {
                "dealerdirect/phpcodesniffer-composer-installer": "dev-master",
                "phpcompatibility/php-compatibility": "^9.3",
                "phpdocumentor/phpdocumentor": "2.*",
                "phploc/phploc": "^4.0",
                "phpmd/phpmd": "2.*",
                "phpunit/phpunit": "^7.0 || ^8.0 || ^9.0",
                "sebastian/phpcpd": "^4.0",
                "squizlabs/php_codesniffer": "^3.7"
            },
            "default-branch": true,
            "type": "library",
            "autoload": {
                "psr-4": {
                    "Matrix\\": "classes/src/"
                }
            },
            "notification-url": "https://packagist.org/downloads/",
            "license": [
                "MIT"
            ],
            "authors": [
                {
                    "name": "Mark Baker",
                    "email": "mark@demon-angel.eu"
                }
            ],
            "description": "PHP Class for working with matrices",
            "homepage": "https://github.com/MarkBaker/PHPMatrix",
            "keywords": [
                "mathematics",
                "matrix",
                "vector"
            ],
            "support": {
                "issues": "https://github.com/MarkBaker/PHPMatrix/issues",
                "source": "https://github.com/MarkBaker/PHPMatrix/tree/3.0.1"
            },
            "time": "2022-12-02T22:17:43+00:00"
        },
        {
            "name": "michelf/php-markdown",
            "version": "1.9.1",
            "source": {
                "type": "git",
                "url": "https://github.com/michelf/php-markdown.git",
                "reference": "5024d623c1a057dcd2d076d25b7d270a1d0d55f3"
            },
            "dist": {
                "type": "zip",
                "url": "https://api.github.com/repos/michelf/php-markdown/zipball/5024d623c1a057dcd2d076d25b7d270a1d0d55f3",
                "reference": "5024d623c1a057dcd2d076d25b7d270a1d0d55f3",
                "shasum": ""
            },
            "require": {
                "php": ">=5.3.0"
            },
            "require-dev": {
                "phpunit/phpunit": ">=4.3 <5.8"
            },
            "type": "library",
            "autoload": {
                "psr-4": {
                    "Michelf\\": "Michelf/"
                }
            },
            "notification-url": "https://packagist.org/downloads/",
            "license": [
                "BSD-3-Clause"
            ],
            "authors": [
                {
                    "name": "Michel Fortin",
                    "email": "michel.fortin@michelf.ca",
                    "homepage": "https://michelf.ca/",
                    "role": "Developer"
                },
                {
                    "name": "John Gruber",
                    "homepage": "https://daringfireball.net/"
                }
            ],
            "description": "PHP Markdown",
            "homepage": "https://michelf.ca/projects/php-markdown/",
            "keywords": [
                "markdown"
            ],
            "support": {
                "issues": "https://github.com/michelf/php-markdown/issues",
                "source": "https://github.com/michelf/php-markdown/tree/1.9.1"
            },
            "time": "2021-11-24T02:52:38+00:00"
        },
        {
            "name": "phpoffice/phpspreadsheet",
            "version": "1.29.0",
            "source": {
                "type": "git",
                "url": "https://github.com/PHPOffice/PhpSpreadsheet.git",
                "reference": "fde2ccf55eaef7e86021ff1acce26479160a0fa0"
            },
            "dist": {
                "type": "zip",
                "url": "https://api.github.com/repos/PHPOffice/PhpSpreadsheet/zipball/fde2ccf55eaef7e86021ff1acce26479160a0fa0",
                "reference": "fde2ccf55eaef7e86021ff1acce26479160a0fa0",
                "shasum": ""
            },
            "require": {
                "ext-ctype": "*",
                "ext-dom": "*",
                "ext-fileinfo": "*",
                "ext-gd": "*",
                "ext-iconv": "*",
                "ext-libxml": "*",
                "ext-mbstring": "*",
                "ext-simplexml": "*",
                "ext-xml": "*",
                "ext-xmlreader": "*",
                "ext-xmlwriter": "*",
                "ext-zip": "*",
                "ext-zlib": "*",
                "ezyang/htmlpurifier": "^4.15",
                "maennchen/zipstream-php": "^2.1 || ^3.0",
                "markbaker/complex": "^3.0",
                "markbaker/matrix": "^3.0",
                "php": "^7.4 || ^8.0",
                "psr/http-client": "^1.0",
                "psr/http-factory": "^1.0",
                "psr/simple-cache": "^1.0 || ^2.0 || ^3.0"
            },
            "require-dev": {
                "dealerdirect/phpcodesniffer-composer-installer": "dev-main",
                "dompdf/dompdf": "^1.0 || ^2.0",
                "friendsofphp/php-cs-fixer": "^3.2",
                "mitoteam/jpgraph": "^10.3",
                "mpdf/mpdf": "^8.1.1",
                "phpcompatibility/php-compatibility": "^9.3",
                "phpstan/phpstan": "^1.1",
                "phpstan/phpstan-phpunit": "^1.0",
                "phpunit/phpunit": "^8.5 || ^9.0 || ^10.0",
                "squizlabs/php_codesniffer": "^3.7",
                "tecnickcom/tcpdf": "^6.5"
            },
            "suggest": {
                "dompdf/dompdf": "Option for rendering PDF with PDF Writer",
                "ext-intl": "PHP Internationalization Functions",
                "mitoteam/jpgraph": "Option for rendering charts, or including charts with PDF or HTML Writers",
                "mpdf/mpdf": "Option for rendering PDF with PDF Writer",
                "tecnickcom/tcpdf": "Option for rendering PDF with PDF Writer"
            },
            "type": "library",
            "autoload": {
                "psr-4": {
                    "PhpOffice\\PhpSpreadsheet\\": "src/PhpSpreadsheet"
                }
            },
            "notification-url": "https://packagist.org/downloads/",
            "license": [
                "MIT"
            ],
            "authors": [
                {
                    "name": "Maarten Balliauw",
                    "homepage": "https://blog.maartenballiauw.be"
                },
                {
                    "name": "Mark Baker",
                    "homepage": "https://markbakeruk.net"
                },
                {
                    "name": "Franck Lefevre",
                    "homepage": "https://rootslabs.net"
                },
                {
                    "name": "Erik Tilt"
                },
                {
                    "name": "Adrien Crivelli"
                }
            ],
            "description": "PHPSpreadsheet - Read, Create and Write Spreadsheet documents in PHP - Spreadsheet engine",
            "homepage": "https://github.com/PHPOffice/PhpSpreadsheet",
            "keywords": [
                "OpenXML",
                "excel",
                "gnumeric",
                "ods",
                "php",
                "spreadsheet",
                "xls",
                "xlsx"
            ],
            "support": {
                "issues": "https://github.com/PHPOffice/PhpSpreadsheet/issues",
                "source": "https://github.com/PHPOffice/PhpSpreadsheet/tree/1.29.0"
            },
            "time": "2023-06-14T22:48:31+00:00"
        },
        {
            "name": "pickles2/px-fw-2.x",
            "version": "2.1.x-dev",
            "source": {
                "type": "git",
                "url": "https://github.com/pickles2/px-fw-2.x.git",
                "reference": "839d54c60b479eddddc03d3ff8e85da20f42899d"
            },
            "dist": {
                "type": "zip",
                "url": "https://api.github.com/repos/pickles2/px-fw-2.x/zipball/839d54c60b479eddddc03d3ff8e85da20f42899d",
                "reference": "839d54c60b479eddddc03d3ff8e85da20f42899d",
                "shasum": ""
            },
            "require": {
                "ext-json": "*",
                "ext-mbstring": "*",
                "ext-pdo": "*",
                "ext-pdo_sqlite": "*",
                "michelf/php-markdown": "~1.6",
                "php": ">=7.3.0",
                "scssphp/scssphp": "^1.4",
                "tomk79/filesystem": "~1.1",
                "tomk79/request": "~1.4"
            },
            "require-dev": {
                "phpunit/phpunit": "~9.5"
            },
            "type": "library",
            "autoload": {
                "psr-4": {
                    "picklesFramework2\\": [
                        "php"
                    ],
                    "picklesFramework2\\theme\\": [
                        "theme/php"
                    ]
                }
            },
            "notification-url": "https://packagist.org/downloads/",
            "license": [
                "MIT"
            ],
            "authors": [
                {
                    "name": "Tomoya Koyanagi",
                    "email": "tomk79@gmail.com"
                }
            ],
            "description": "Pickles Framework(PxFW) は、静的で大きなウェブサイトを効率よく構築できる オープンソースのHTML生成ツールです。",
            "keywords": [
                "pickles",
                "pickles2"
            ],
            "support": {
                "issues": "https://github.com/pickles2/px-fw-2.x/issues",
                "source": "https://github.com/pickles2/px-fw-2.x/tree/2.1.x"
            },
            "time": "2023-11-03T06:59:22+00:00"
        },
        {
            "name": "pickles2/px2-sitemapexcel",
            "version": "2.3.x-dev",
            "source": {
                "type": "git",
                "url": "https://github.com/pickles2/px2-sitemapexcel.git",
                "reference": "0562ace65c0066cb8307c266fcfd45c5bcfb0b88"
            },
            "dist": {
                "type": "zip",
                "url": "https://api.github.com/repos/pickles2/px2-sitemapexcel/zipball/0562ace65c0066cb8307c266fcfd45c5bcfb0b88",
                "reference": "0562ace65c0066cb8307c266fcfd45c5bcfb0b88",
                "shasum": ""
            },
            "require": {
                "php": ">=7.3",
                "phpoffice/phpspreadsheet": "^1.13",
                "tomk79/filesystem": "^1.0"
            },
            "require-dev": {
                "phpunit/phpunit": "~9.5",
                "pickles2/px-fw-2.x": "~2.1"
            },
            "type": "library",
            "extra": {
                "px2package": {
                    "name": "pickles2/px2-sitemapexcel",
                    "type": "processor"
                }
            },
            "autoload": {
                "psr-4": {
                    "tomk79\\pickles2\\sitemap_excel\\": [
                        "php"
                    ]
                }
            },
            "notification-url": "https://packagist.org/downloads/",
            "license": [
                "MIT"
            ],
            "authors": [
                {
                    "name": "Tomoya Koyanagi",
                    "email": "tomk79@gmail.com"
                }
            ],
            "description": "Pickles 2 に、サイトマップをグラフィカルなエクセル形式(xlsx)で編集できる機能を追加します。",
            "keywords": [
                "pickles2"
            ],
            "support": {
                "issues": "https://github.com/pickles2/px2-sitemapexcel/issues",
                "source": "https://github.com/pickles2/px2-sitemapexcel/tree/2.3.0"
            },
            "time": "2023-04-22T11:59:14+00:00"
        },
        {
            "name": "psr/http-client",
            "version": "dev-master",
            "source": {
                "type": "git",
                "url": "https://github.com/php-fig/http-client.git",
                "reference": "bb5906edc1c324c9a05aa0873d40117941e5fa90"
            },
            "dist": {
                "type": "zip",
                "url": "https://api.github.com/repos/php-fig/http-client/zipball/bb5906edc1c324c9a05aa0873d40117941e5fa90",
                "reference": "bb5906edc1c324c9a05aa0873d40117941e5fa90",
                "shasum": ""
            },
            "require": {
                "php": "^7.0 || ^8.0",
                "psr/http-message": "^1.0 || ^2.0"
            },
            "default-branch": true,
            "type": "library",
            "extra": {
                "branch-alias": {
                    "dev-master": "1.0.x-dev"
                }
            },
            "autoload": {
                "psr-4": {
                    "Psr\\Http\\Client\\": "src/"
                }
            },
            "notification-url": "https://packagist.org/downloads/",
            "license": [
                "MIT"
            ],
            "authors": [
                {
                    "name": "PHP-FIG",
                    "homepage": "https://www.php-fig.org/"
                }
            ],
            "description": "Common interface for HTTP clients",
            "homepage": "https://github.com/php-fig/http-client",
            "keywords": [
                "http",
                "http-client",
                "psr",
                "psr-18"
            ],
            "support": {
                "source": "https://github.com/php-fig/http-client"
            },
            "time": "2023-09-23T14:17:50+00:00"
        },
        {
            "name": "psr/http-factory",
            "version": "dev-master",
            "source": {
                "type": "git",
                "url": "https://github.com/php-fig/http-factory.git",
                "reference": "7037f4b0950474e9d1350e8df89b15f1842085f6"
            },
            "dist": {
                "type": "zip",
                "url": "https://api.github.com/repos/php-fig/http-factory/zipball/7037f4b0950474e9d1350e8df89b15f1842085f6",
                "reference": "7037f4b0950474e9d1350e8df89b15f1842085f6",
                "shasum": ""
            },
            "require": {
                "php": ">=7.0.0",
                "psr/http-message": "^1.0 || ^2.0"
            },
            "default-branch": true,
            "type": "library",
            "extra": {
                "branch-alias": {
                    "dev-master": "1.0.x-dev"
                }
            },
            "autoload": {
                "psr-4": {
                    "Psr\\Http\\Message\\": "src/"
                }
            },
            "notification-url": "https://packagist.org/downloads/",
            "license": [
                "MIT"
            ],
            "authors": [
                {
                    "name": "PHP-FIG",
                    "homepage": "https://www.php-fig.org/"
                }
            ],
            "description": "PSR-17: Common interfaces for PSR-7 HTTP message factories",
            "keywords": [
                "factory",
                "http",
                "message",
                "psr",
                "psr-17",
                "psr-7",
                "request",
                "response"
            ],
            "support": {
                "source": "https://github.com/php-fig/http-factory"
            },
            "time": "2023-09-22T11:16:44+00:00"
        },
        {
            "name": "psr/http-message",
            "version": "dev-master",
            "source": {
                "type": "git",
                "url": "https://github.com/php-fig/http-message.git",
                "reference": "402d35bcb92c70c026d1a6a9883f06b2ead23d71"
            },
            "dist": {
                "type": "zip",
                "url": "https://api.github.com/repos/php-fig/http-message/zipball/402d35bcb92c70c026d1a6a9883f06b2ead23d71",
                "reference": "402d35bcb92c70c026d1a6a9883f06b2ead23d71",
                "shasum": ""
            },
            "require": {
                "php": "^7.2 || ^8.0"
            },
            "default-branch": true,
            "type": "library",
            "extra": {
                "branch-alias": {
                    "dev-master": "2.0.x-dev"
                }
            },
            "autoload": {
                "psr-4": {
                    "Psr\\Http\\Message\\": "src/"
                }
            },
            "notification-url": "https://packagist.org/downloads/",
            "license": [
                "MIT"
            ],
            "authors": [
                {
                    "name": "PHP-FIG",
                    "homepage": "https://www.php-fig.org/"
                }
            ],
            "description": "Common interface for HTTP messages",
            "homepage": "https://github.com/php-fig/http-message",
            "keywords": [
                "http",
                "http-message",
                "psr",
                "psr-7",
                "request",
                "response"
            ],
            "support": {
                "source": "https://github.com/php-fig/http-message/tree/2.0"
            },
            "time": "2023-04-04T09:54:51+00:00"
        },
        {
            "name": "psr/simple-cache",
            "version": "dev-master",
            "source": {
                "type": "git",
                "url": "https://github.com/php-fig/simple-cache.git",
                "reference": "2d280c2aaa23a120f35d55cfde8581954a8e77fa"
            },
            "dist": {
                "type": "zip",
                "url": "https://api.github.com/repos/php-fig/simple-cache/zipball/2d280c2aaa23a120f35d55cfde8581954a8e77fa",
                "reference": "2d280c2aaa23a120f35d55cfde8581954a8e77fa",
                "shasum": ""
            },
            "require": {
                "php": ">=8.0.0"
            },
            "default-branch": true,
            "type": "library",
            "extra": {
                "branch-alias": {
                    "dev-master": "3.0.x-dev"
                }
            },
            "autoload": {
                "psr-4": {
                    "Psr\\SimpleCache\\": "src/"
                }
            },
            "notification-url": "https://packagist.org/downloads/",
            "license": [
                "MIT"
            ],
            "authors": [
                {
                    "name": "PHP-FIG",
                    "homepage": "https://www.php-fig.org/"
                }
            ],
            "description": "Common interfaces for simple caching",
            "keywords": [
                "cache",
                "caching",
                "psr",
                "psr-16",
                "simple-cache"
            ],
            "support": {
                "source": "https://github.com/php-fig/simple-cache/tree/master"
            },
            "time": "2022-04-08T16:41:45+00:00"
        },
        {
            "name": "scssphp/scssphp",
            "version": "1.x-dev",
            "source": {
                "type": "git",
                "url": "https://github.com/scssphp/scssphp.git",
                "reference": "c96822a6fdf3388bb873f3d778cdf2cde252714e"
            },
            "dist": {
                "type": "zip",
                "url": "https://api.github.com/repos/scssphp/scssphp/zipball/c96822a6fdf3388bb873f3d778cdf2cde252714e",
                "reference": "c96822a6fdf3388bb873f3d778cdf2cde252714e",
                "shasum": ""
            },
            "require": {
                "ext-ctype": "*",
                "ext-json": "*",
                "php": ">=5.6.0"
            },
            "require-dev": {
                "bamarni/composer-bin-plugin": "^1.4",
                "phpunit/phpunit": "^5.7 || ^6.5 || ^7.5 || ^8.3 || ^9.4",
                "sass/sass-spec": "*",
                "squizlabs/php_codesniffer": "~3.5",
                "symfony/phpunit-bridge": "^5.1",
                "thoughtbot/bourbon": "^7.0",
                "twbs/bootstrap": "~5.0",
                "twbs/bootstrap4": "4.6.1",
                "zurb/foundation": "~6.7.0"
            },
            "suggest": {
                "ext-iconv": "Can be used as fallback when ext-mbstring is not available",
                "ext-mbstring": "For best performance, mbstring should be installed as it is faster than ext-iconv"
            },
            "bin": [
                "bin/pscss"
            ],
            "type": "library",
            "extra": {
                "bamarni-bin": {
                    "forward-command": false,
                    "bin-links": false
                }
            },
            "autoload": {
                "psr-4": {
                    "ScssPhp\\ScssPhp\\": "src/"
                }
            },
            "notification-url": "https://packagist.org/downloads/",
            "license": [
                "MIT"
            ],
            "authors": [
                {
                    "name": "Anthon Pang",
                    "email": "apang@softwaredevelopment.ca",
                    "homepage": "https://github.com/robocoder"
                },
                {
                    "name": "Cédric Morin",
                    "email": "cedric@yterium.com",
                    "homepage": "https://github.com/Cerdic"
                }
            ],
            "description": "scssphp is a compiler for SCSS written in PHP.",
            "homepage": "http://scssphp.github.io/scssphp/",
            "keywords": [
                "css",
                "less",
                "sass",
                "scss",
                "stylesheet"
            ],
            "support": {
                "issues": "https://github.com/scssphp/scssphp/issues",
                "source": "https://github.com/scssphp/scssphp/tree/1.x"
            },
            "time": "2023-11-02T22:54:53+00:00"
        },
        {
            "name": "tomk79/filesystem",
            "version": "1.2.x-dev",
            "source": {
                "type": "git",
                "url": "https://github.com/tomk79/filesystem.git",
                "reference": "bfd57b1d912499426d88697a95e0229c2422aeea"
            },
            "dist": {
                "type": "zip",
                "url": "https://api.github.com/repos/tomk79/filesystem/zipball/bfd57b1d912499426d88697a95e0229c2422aeea",
                "reference": "bfd57b1d912499426d88697a95e0229c2422aeea",
                "shasum": ""
            },
            "require": {
                "php": ">=7.3.0"
            },
            "require-dev": {
                "phpunit/phpunit": "~9.5"
            },
            "type": "library",
            "autoload": {
                "psr-4": {
                    "tomk79\\": [
                        "php"
                    ]
                }
            },
            "notification-url": "https://packagist.org/downloads/",
            "license": [
                "MIT"
            ],
            "authors": [
                {
                    "name": "Tomoya Koyanagi",
                    "email": "tomk79@gmail.com",
                    "homepage": "https://www.pxt.jp/"
                }
            ],
            "description": "Simple filesystem utility for PHP.",
            "keywords": [
                "filesystem"
            ],
            "support": {
                "issues": "https://github.com/tomk79/filesystem/issues",
                "source": "https://github.com/tomk79/filesystem/tree/1.2.3"
            },
            "time": "2023-06-24T15:21:14+00:00"
        },
        {
            "name": "tomk79/request",
            "version": "1.4.x-dev",
            "source": {
                "type": "git",
                "url": "https://github.com/tomk79/request.git",
                "reference": "069f989dbe19fc8db0ae09ab4dc9444cab61ac32"
            },
            "dist": {
                "type": "zip",
                "url": "https://api.github.com/repos/tomk79/request/zipball/069f989dbe19fc8db0ae09ab4dc9444cab61ac32",
                "reference": "069f989dbe19fc8db0ae09ab4dc9444cab61ac32",
                "shasum": ""
            },
            "require": {
                "php": ">=7.3.0",
                "tomk79/filesystem": "~1.1"
            },
            "require-dev": {
                "phpdocumentor/phpdocumentor": "~3.0.0",
                "phpunit/phpunit": "~9.5"
            },
            "type": "library",
            "autoload": {
                "psr-4": {
                    "tomk79\\": [
                        "php"
                    ]
                }
            },
            "notification-url": "https://packagist.org/downloads/",
            "license": [
                "MIT"
            ],
            "authors": [
                {
                    "name": "Tomoya Koyanagi",
                    "email": "tomk79@gmail.com"
                }
            ],
            "description": "A request management utilitiy for PHP.",
            "support": {
                "issues": "https://github.com/tomk79/request/issues",
                "source": "https://github.com/tomk79/request/tree/1.4.1"
            },
            "time": "2023-05-01T13:02:18+00:00"
        }
    ],
    "packages-dev": [],
    "aliases": [],
    "minimum-stability": "dev",
    "stability-flags": [],
    "prefer-stable": false,
    "prefer-lowest": false,
    "platform": [],
    "platform-dev": [],
    "plugin-api-version": "2.3.0"
}
