{
    "_readme": [
        "This file locks the dependencies of your project to a known state",
        "Read more about it at https://getcomposer.org/doc/01-basic-usage.md#installing-dependencies",
        "This file is @generated automatically"
    ],
    "content-hash": "114f9941a93f2c5b7b8f0f91e0392936",
    "packages": [
        {
            "name": "tomk79/filesystem",
            "version": "1.2.x-dev",
            "source": {
                "type": "git",
                "url": "https://github.com/tomk79/filesystem.git",
                "reference": "bfd57b1d912499426d88697a95e0229c2422aeea"
            },
            "dist": {
                "type": "zip",
                "url": "https://api.github.com/repos/tomk79/filesystem/zipball/bfd57b1d912499426d88697a95e0229c2422aeea",
                "reference": "bfd57b1d912499426d88697a95e0229c2422aeea",
                "shasum": ""
            },
            "require": {
                "php": ">=7.3.0"
            },
            "require-dev": {
                "phpunit/phpunit": "~9.5"
            },
            "type": "library",
            "autoload": {
                "psr-4": {
                    "tomk79\\": [
                        "php"
                    ]
                }
            },
            "notification-url": "https://packagist.org/downloads/",
            "license": [
                "MIT"
            ],
            "authors": [
                {
                    "name": "Tomoya Koyanagi",
                    "email": "tomk79@gmail.com",
                    "homepage": "https://www.pxt.jp/"
                }
            ],
            "description": "Simple filesystem utility for PHP.",
            "keywords": [
                "filesystem"
            ],
            "support": {
                "issues": "https://github.com/tomk79/filesystem/issues",
                "source": "https://github.com/tomk79/filesystem/tree/1.2.3"
            },
            "time": "2023-06-24T15:21:14+00:00"
        },
        {
            "name": "tomk79/request",
            "version": "1.4.x-dev",
            "source": {
                "type": "git",
                "url": "https://github.com/tomk79/request.git",
                "reference": "069f989dbe19fc8db0ae09ab4dc9444cab61ac32"
            },
            "dist": {
                "type": "zip",
                "url": "https://api.github.com/repos/tomk79/request/zipball/069f989dbe19fc8db0ae09ab4dc9444cab61ac32",
                "reference": "069f989dbe19fc8db0ae09ab4dc9444cab61ac32",
                "shasum": ""
            },
            "require": {
                "php": ">=7.3.0",
                "tomk79/filesystem": "~1.1"
            },
            "require-dev": {
                "phpdocumentor/phpdocumentor": "~3.0.0",
                "phpunit/phpunit": "~9.5"
            },
            "type": "library",
            "autoload": {
                "psr-4": {
                    "tomk79\\": [
                        "php"
                    ]
                }
            },
            "notification-url": "https://packagist.org/downloads/",
            "license": [
                "MIT"
            ],
            "authors": [
                {
                    "name": "Tomoya Koyanagi",
                    "email": "tomk79@gmail.com"
                }
            ],
            "description": "A request management utilitiy for PHP.",
            "support": {
                "issues": "https://github.com/tomk79/request/issues",
                "source": "https://github.com/tomk79/request/tree/1.4.1"
            },
            "time": "2023-05-01T13:02:18+00:00"
        }
    ],
    "packages-dev": [],
    "aliases": [],
    "minimum-stability": "dev",
    "stability-flags": [],
    "prefer-stable": false,
    "prefer-lowest": false,
    "platform": [],
    "platform-dev": [],
    "plugin-api-version": "2.3.0"
}
